// !$*UTF8*$!
{
	archiveVersion = 1;
	classes = {
	};
	objectVersion = 56;
	objects = {

/* Begin PBXBuildFile section */
		A10000000000000000000001 /* MrFunnyJokesApp.swift in Sources */ = {isa = PBXBuildFile; fileRef = A20000000000000000000001 /* MrFunnyJokesApp.swift */; };
		A10000000000000000000002 /* ContentView.swift in Sources */ = {isa = PBXBuildFile; fileRef = A20000000000000000000002 /* ContentView.swift */; };
		A10000000000000000000003 /* Assets.xcassets in Resources */ = {isa = PBXBuildFile; fileRef = A20000000000000000000003 /* Assets.xcassets */; };
		A10000000000000000000004 /* Preview Assets.xcassets in Resources */ = {isa = PBXBuildFile; fileRef = A20000000000000000000004 /* Preview Assets.xcassets */; };
		A10000000000000000000005 /* Joke.swift in Sources */ = {isa = PBXBuildFile; fileRef = A20000000000000000000005 /* Joke.swift */; };
		A10000000000000000000006 /* JokeCategory.swift in Sources */ = {isa = PBXBuildFile; fileRef = A20000000000000000000006 /* JokeCategory.swift */; };
		A10000000000000000000007 /* JokeCardView.swift in Sources */ = {isa = PBXBuildFile; fileRef = A20000000000000000000007 /* JokeCardView.swift */; };
		A10000000000000000000008 /* JokeFeedView.swift in Sources */ = {isa = PBXBuildFile; fileRef = A20000000000000000000008 /* JokeFeedView.swift */; };
		A10000000000000000000010 /* JokeViewModel.swift in Sources */ = {isa = PBXBuildFile; fileRef = A20000000000000000000010 /* JokeViewModel.swift */; };
		A10000000000000000000012 /* LocalStorageService.swift in Sources */ = {isa = PBXBuildFile; fileRef = A20000000000000000000012 /* LocalStorageService.swift */; };
		A10000000000000000000013 /* Color+Extensions.swift in Sources */ = {isa = PBXBuildFile; fileRef = A20000000000000000000013 /* Color+Extensions.swift */; };
		A10000000000000000000014 /* HapticManager.swift in Sources */ = {isa = PBXBuildFile; fileRef = A20000000000000000000014 /* HapticManager.swift */; };
		A10000000000000000000016 /* GrainOMeterView.swift in Sources */ = {isa = PBXBuildFile; fileRef = A20000000000000000000016 /* GrainOMeterView.swift */; };
		A10000000000000000000017 /* MeView.swift in Sources */ = {isa = PBXBuildFile; fileRef = A20000000000000000000017 /* MeView.swift */; };
		A10000000000000000000019 /* SearchView.swift in Sources */ = {isa = PBXBuildFile; fileRef = A20000000000000000000019 /* SearchView.swift */; };
		A10000000000000000000020 /* JokeDetailSheet.swift in Sources */ = {isa = PBXBuildFile; fileRef = A20000000000000000000020 /* JokeDetailSheet.swift */; };
		A10000000000000000000021 /* JokeOfTheDayView.swift in Sources */ = {isa = PBXBuildFile; fileRef = A20000000000000000000021 /* JokeOfTheDayView.swift */; };
		A10000000000000000000022 /* YouTubePromoCardView.swift in Sources */ = {isa = PBXBuildFile; fileRef = A20000000000000000000022 /* YouTubePromoCardView.swift */; };
		A10000000000000000000023 /* ShimmerModifier.swift in Sources */ = {isa = PBXBuildFile; fileRef = A20000000000000000000023 /* ShimmerModifier.swift */; };
		A10000000000000000000024 /* SkeletonCardView.swift in Sources */ = {isa = PBXBuildFile; fileRef = A20000000000000000000024 /* SkeletonCardView.swift */; };
		A10000000000000000000025 /* SkeletonFeedView.swift in Sources */ = {isa = PBXBuildFile; fileRef = A20000000000000000000025 /* SkeletonFeedView.swift */; };
		A10000000000000000000026 /* SkeletonJokeOfTheDayView.swift in Sources */ = {isa = PBXBuildFile; fileRef = A20000000000000000000026 /* SkeletonJokeOfTheDayView.swift */; };
		A10000000000000000000028 /* FirestoreService.swift in Sources */ = {isa = PBXBuildFile; fileRef = A20000000000000000000028 /* FirestoreService.swift */; };
		A10000000000000000000029 /* FirestoreModels.swift in Sources */ = {isa = PBXBuildFile; fileRef = A20000000000000000000029 /* FirestoreModels.swift */; };
		B10000000000000000000001 /* SharedJokeOfTheDay.swift in Sources */ = {isa = PBXBuildFile; fileRef = B20000000000000000000001 /* SharedJokeOfTheDay.swift */; };
		B10000000000000000000002 /* SharedStorageService.swift in Sources */ = {isa = PBXBuildFile; fileRef = B20000000000000000000002 /* SharedStorageService.swift */; };
		B10000000000000000000003 /* SharedJokeOfTheDay.swift in Sources */ = {isa = PBXBuildFile; fileRef = B20000000000000000000001 /* SharedJokeOfTheDay.swift */; };
		B10000000000000000000004 /* SharedStorageService.swift in Sources */ = {isa = PBXBuildFile; fileRef = B20000000000000000000002 /* SharedStorageService.swift */; };
		B10000000000000000000005 /* JokeOfTheDayWidget.swift in Sources */ = {isa = PBXBuildFile; fileRef = B20000000000000000000003 /* JokeOfTheDayWidget.swift */; };
		B10000000000000000000006 /* JokeOfTheDayProvider.swift in Sources */ = {isa = PBXBuildFile; fileRef = B20000000000000000000004 /* JokeOfTheDayProvider.swift */; };
		B10000000000000000000007 /* JokeOfTheDayWidgetViews.swift in Sources */ = {isa = PBXBuildFile; fileRef = B20000000000000000000005 /* JokeOfTheDayWidgetViews.swift */; };
		B10000000000000000000008 /* Assets.xcassets in Resources */ = {isa = PBXBuildFile; fileRef = B20000000000000000000006 /* Assets.xcassets */; };
		B10000000000000000000009 /* WidgetKit.framework in Frameworks */ = {isa = PBXBuildFile; fileRef = B20000000000000000000007 /* WidgetKit.framework */; };
		B10000000000000000000010 /* SwiftUI.framework in Frameworks */ = {isa = PBXBuildFile; fileRef = B20000000000000000000008 /* SwiftUI.framework */; };
		B10000000000000000000011 /* JokeOfTheDayWidgetExtension.appex in Embed Foundation Extensions */ = {isa = PBXBuildFile; fileRef = B30000000000000000000001 /* JokeOfTheDayWidgetExtension.appex */; settings = {ATTRIBUTES = (RemoveHeadersOnCopy, ); }; };
		C333E63D2EE10888007377F4 /* CharacterCarouselView.swift in Sources */ = {isa = PBXBuildFile; fileRef = C333E63B2EE10888007377F4 /* CharacterCarouselView.swift */; };
		C333E63E2EE10888007377F4 /* CharacterDetailView.swift in Sources */ = {isa = PBXBuildFile; fileRef = C333E63C2EE10888007377F4 /* CharacterDetailView.swift */; };
		C333E63F2EE10888007377F4 /* Character.swift in Sources */ = {isa = PBXBuildFile; fileRef = C333E6402EE10888007377F4 /* Character.swift */; };
		C333E6412EE10888007377F4 /* CharacterDetailViewModel.swift in Sources */ = {isa = PBXBuildFile; fileRef = C333E6422EE10888007377F4 /* CharacterDetailViewModel.swift */; };
		C340D9632EE0A55A007A6AFF /* FirebaseCore in Frameworks */ = {isa = PBXBuildFile; productRef = C340D9622EE0A55A007A6AFF /* FirebaseCore */; };
		C340D9652EE0A55A007A6AFF /* FirebaseFirestore in Frameworks */ = {isa = PBXBuildFile; productRef = C340D9642EE0A55A007A6AFF /* FirebaseFirestore */; };
		C340D9672EE0A848007A6AFF /* GoogleService-Info.plist in Resources */ = {isa = PBXBuildFile; fileRef = C340D9662EE0A848007A6AFF /* GoogleService-Info.plist */; };
/* End PBXBuildFile section */

/* Begin PBXContainerItemProxy section */
		B40000000000000000000001 /* PBXContainerItemProxy */ = {
			isa = PBXContainerItemProxy;
			containerPortal = AA0000000000000000000001 /* Project object */;
			proxyType = 1;
			remoteGlobalIDString = B60000000000000000000001;
			remoteInfo = JokeOfTheDayWidgetExtension;
		};
/* End PBXContainerItemProxy section */

/* Begin PBXCopyFilesBuildPhase section */
		B50000000000000000000001 /* Embed Foundation Extensions */ = {
			isa = PBXCopyFilesBuildPhase;
			buildActionMask = 2147483647;
			dstPath = "";
			dstSubfolderSpec = 13;
			files = (
				B10000000000000000000011 /* JokeOfTheDayWidgetExtension.appex in Embed Foundation Extensions */,
			);
			name = "Embed Foundation Extensions";
			runOnlyForDeploymentPostprocessing = 0;
		};
/* End PBXCopyFilesBuildPhase section */

/* Begin PBXFileReference section */
		A20000000000000000000001 /* MrFunnyJokesApp.swift */ = {isa = PBXFileReference; lastKnownFileType = sourcecode.swift; path = MrFunnyJokesApp.swift; sourceTree = "<group>"; };
		A20000000000000000000002 /* ContentView.swift */ = {isa = PBXFileReference; lastKnownFileType = sourcecode.swift; path = ContentView.swift; sourceTree = "<group>"; };
		A20000000000000000000003 /* Assets.xcassets */ = {isa = PBXFileReference; lastKnownFileType = folder.assetcatalog; path = Assets.xcassets; sourceTree = "<group>"; };
		A20000000000000000000004 /* Preview Assets.xcassets */ = {isa = PBXFileReference; lastKnownFileType = folder.assetcatalog; path = "Preview Assets.xcassets"; sourceTree = "<group>"; };
		A20000000000000000000005 /* Joke.swift */ = {isa = PBXFileReference; lastKnownFileType = sourcecode.swift; path = Joke.swift; sourceTree = "<group>"; };
		A20000000000000000000006 /* JokeCategory.swift */ = {isa = PBXFileReference; lastKnownFileType = sourcecode.swift; path = JokeCategory.swift; sourceTree = "<group>"; };
		A20000000000000000000007 /* JokeCardView.swift */ = {isa = PBXFileReference; lastKnownFileType = sourcecode.swift; path = JokeCardView.swift; sourceTree = "<group>"; };
		A20000000000000000000008 /* JokeFeedView.swift */ = {isa = PBXFileReference; lastKnownFileType = sourcecode.swift; path = JokeFeedView.swift; sourceTree = "<group>"; };
		A20000000000000000000010 /* JokeViewModel.swift */ = {isa = PBXFileReference; lastKnownFileType = sourcecode.swift; path = JokeViewModel.swift; sourceTree = "<group>"; };
		A20000000000000000000012 /* LocalStorageService.swift */ = {isa = PBXFileReference; lastKnownFileType = sourcecode.swift; path = LocalStorageService.swift; sourceTree = "<group>"; };
		A20000000000000000000013 /* Color+Extensions.swift */ = {isa = PBXFileReference; lastKnownFileType = sourcecode.swift; path = "Color+Extensions.swift"; sourceTree = "<group>"; };
		A20000000000000000000014 /* HapticManager.swift */ = {isa = PBXFileReference; lastKnownFileType = sourcecode.swift; path = HapticManager.swift; sourceTree = "<group>"; };
		A20000000000000000000016 /* GrainOMeterView.swift */ = {isa = PBXFileReference; lastKnownFileType = sourcecode.swift; path = GrainOMeterView.swift; sourceTree = "<group>"; };
		A20000000000000000000017 /* MeView.swift */ = {isa = PBXFileReference; lastKnownFileType = sourcecode.swift; path = MeView.swift; sourceTree = "<group>"; };
		A20000000000000000000019 /* SearchView.swift */ = {isa = PBXFileReference; lastKnownFileType = sourcecode.swift; path = SearchView.swift; sourceTree = "<group>"; };
		A20000000000000000000020 /* JokeDetailSheet.swift */ = {isa = PBXFileReference; lastKnownFileType = sourcecode.swift; path = JokeDetailSheet.swift; sourceTree = "<group>"; };
		A20000000000000000000021 /* JokeOfTheDayView.swift */ = {isa = PBXFileReference; lastKnownFileType = sourcecode.swift; path = JokeOfTheDayView.swift; sourceTree = "<group>"; };
		A20000000000000000000022 /* YouTubePromoCardView.swift */ = {isa = PBXFileReference; lastKnownFileType = sourcecode.swift; path = YouTubePromoCardView.swift; sourceTree = "<group>"; };
		A20000000000000000000023 /* ShimmerModifier.swift */ = {isa = PBXFileReference; lastKnownFileType = sourcecode.swift; path = ShimmerModifier.swift; sourceTree = "<group>"; };
		A20000000000000000000024 /* SkeletonCardView.swift */ = {isa = PBXFileReference; lastKnownFileType = sourcecode.swift; path = SkeletonCardView.swift; sourceTree = "<group>"; };
		A20000000000000000000025 /* SkeletonFeedView.swift */ = {isa = PBXFileReference; lastKnownFileType = sourcecode.swift; path = SkeletonFeedView.swift; sourceTree = "<group>"; };
		A20000000000000000000026 /* SkeletonJokeOfTheDayView.swift */ = {isa = PBXFileReference; lastKnownFileType = sourcecode.swift; path = SkeletonJokeOfTheDayView.swift; sourceTree = "<group>"; };
		A20000000000000000000027 /* Info.plist */ = {isa = PBXFileReference; lastKnownFileType = text.plist.xml; path = Info.plist; sourceTree = "<group>"; };
		A20000000000000000000028 /* FirestoreService.swift */ = {isa = PBXFileReference; lastKnownFileType = sourcecode.swift; path = FirestoreService.swift; sourceTree = "<group>"; };
		A20000000000000000000029 /* FirestoreModels.swift */ = {isa = PBXFileReference; lastKnownFileType = sourcecode.swift; path = FirestoreModels.swift; sourceTree = "<group>"; };
		A30000000000000000000001 /* MrFunnyJokes.app */ = {isa = PBXFileReference; explicitFileType = wrapper.application; includeInIndex = 0; path = MrFunnyJokes.app; sourceTree = BUILT_PRODUCTS_DIR; };
		B20000000000000000000001 /* SharedJokeOfTheDay.swift */ = {isa = PBXFileReference; lastKnownFileType = sourcecode.swift; path = SharedJokeOfTheDay.swift; sourceTree = "<group>"; };
		B20000000000000000000002 /* SharedStorageService.swift */ = {isa = PBXFileReference; lastKnownFileType = sourcecode.swift; path = SharedStorageService.swift; sourceTree = "<group>"; };
		B20000000000000000000003 /* JokeOfTheDayWidget.swift */ = {isa = PBXFileReference; lastKnownFileType = sourcecode.swift; path = JokeOfTheDayWidget.swift; sourceTree = "<group>"; };
		B20000000000000000000004 /* JokeOfTheDayProvider.swift */ = {isa = PBXFileReference; lastKnownFileType = sourcecode.swift; path = JokeOfTheDayProvider.swift; sourceTree = "<group>"; };
		B20000000000000000000005 /* JokeOfTheDayWidgetViews.swift */ = {isa = PBXFileReference; lastKnownFileType = sourcecode.swift; path = JokeOfTheDayWidgetViews.swift; sourceTree = "<group>"; };
		B20000000000000000000006 /* Assets.xcassets */ = {isa = PBXFileReference; lastKnownFileType = folder.assetcatalog; path = Assets.xcassets; sourceTree = "<group>"; };
		B20000000000000000000007 /* WidgetKit.framework */ = {isa = PBXFileReference; lastKnownFileType = wrapper.framework; name = WidgetKit.framework; path = System/Library/Frameworks/WidgetKit.framework; sourceTree = SDKROOT; };
		B20000000000000000000008 /* SwiftUI.framework */ = {isa = PBXFileReference; lastKnownFileType = wrapper.framework; name = SwiftUI.framework; path = System/Library/Frameworks/SwiftUI.framework; sourceTree = SDKROOT; };
		B30000000000000000000001 /* JokeOfTheDayWidgetExtension.appex */ = {isa = PBXFileReference; explicitFileType = "wrapper.app-extension"; includeInIndex = 0; path = JokeOfTheDayWidgetExtension.appex; sourceTree = BUILT_PRODUCTS_DIR; };
		C333E63B2EE10888007377F4 /* CharacterCarouselView.swift */ = {isa = PBXFileReference; lastKnownFileType = sourcecode.swift; path = CharacterCarouselView.swift; sourceTree = "<group>"; };
		C333E63C2EE10888007377F4 /* CharacterDetailView.swift */ = {isa = PBXFileReference; lastKnownFileType = sourcecode.swift; path = CharacterDetailView.swift; sourceTree = "<group>"; };
		C333E6402EE10888007377F4 /* Character.swift */ = {isa = PBXFileReference; lastKnownFileType = sourcecode.swift; path = Character.swift; sourceTree = "<group>"; };
		C333E6422EE10888007377F4 /* CharacterDetailViewModel.swift */ = {isa = PBXFileReference; lastKnownFileType = sourcecode.swift; path = CharacterDetailViewModel.swift; sourceTree = "<group>"; };
		C340D9662EE0A848007A6AFF /* GoogleService-Info.plist */ = {isa = PBXFileReference; lastKnownFileType = text.plist.xml; path = "GoogleService-Info.plist"; sourceTree = "<group>"; };
/* End PBXFileReference section */

/* Begin PBXFrameworksBuildPhase section */
		A40000000000000000000001 /* Frameworks */ = {
			isa = PBXFrameworksBuildPhase;
			buildActionMask = 2147483647;
			files = (
				C340D9632EE0A55A007A6AFF /* FirebaseCore in Frameworks */,
				C340D9652EE0A55A007A6AFF /* FirebaseFirestore in Frameworks */,
			);
			runOnlyForDeploymentPostprocessing = 0;
		};
		B70000000000000000000001 /* Frameworks */ = {
			isa = PBXFrameworksBuildPhase;
			buildActionMask = 2147483647;
			files = (
				B10000000000000000000010 /* SwiftUI.framework in Frameworks */,
				B10000000000000000000009 /* WidgetKit.framework in Frameworks */,
			);
			runOnlyForDeploymentPostprocessing = 0;
		};
/* End PBXFrameworksBuildPhase section */

/* Begin PBXGroup section */
		A50000000000000000000001 = {
			isa = PBXGroup;
			children = (
				A50000000000000000000002 /* MrFunnyJokes */,
				B50000000000000000000002 /* Shared */,
				B50000000000000000000003 /* JokeOfTheDayWidget */,
				B50000000000000000000004 /* Frameworks */,
				A50000000000000000000003 /* Products */,
				C340D9662EE0A848007A6AFF /* GoogleService-Info.plist */,
			);
			sourceTree = "<group>";
		};
		A50000000000000000000002 /* MrFunnyJokes */ = {
			isa = PBXGroup;
			children = (
				A20000000000000000000027 /* Info.plist */,
				A50000000000000000000004 /* App */,
				A50000000000000000000005 /* Models */,
				A50000000000000000000006 /* Views */,
				A50000000000000000000007 /* ViewModels */,
				A50000000000000000000008 /* Services */,
				A50000000000000000000009 /* Utilities */,
				A50000000000000000000010 /* Resources */,
				A20000000000000000000003 /* Assets.xcassets */,
				A50000000000000000000011 /* Preview Content */,
			);
			path = MrFunnyJokes;
			sourceTree = "<group>";
		};
		A50000000000000000000003 /* Products */ = {
			isa = PBXGroup;
			children = (
				A30000000000000000000001 /* MrFunnyJokes.app */,
				B30000000000000000000001 /* JokeOfTheDayWidgetExtension.appex */,
			);
			name = Products;
			sourceTree = "<group>";
		};
		A50000000000000000000004 /* App */ = {
			isa = PBXGroup;
			children = (
				A20000000000000000000001 /* MrFunnyJokesApp.swift */,
			);
			path = App;
			sourceTree = "<group>";
		};
		A50000000000000000000005 /* Models */ = {
			isa = PBXGroup;
			children = (
				C333E6402EE10888007377F4 /* Character.swift */,
				A20000000000000000000005 /* Joke.swift */,
				A20000000000000000000006 /* JokeCategory.swift */,
				A20000000000000000000029 /* FirestoreModels.swift */,
			);
			path = Models;
			sourceTree = "<group>";
		};
		A50000000000000000000006 /* Views */ = {
			isa = PBXGroup;
			children = (
				C333E63B2EE10888007377F4 /* CharacterCarouselView.swift */,
				C333E63C2EE10888007377F4 /* CharacterDetailView.swift */,
				A50000000000000000000012 /* Skeleton */,
				A20000000000000000000002 /* ContentView.swift */,
				A20000000000000000000007 /* JokeCardView.swift */,
				A20000000000000000000008 /* JokeFeedView.swift */,
				A20000000000000000000016 /* GrainOMeterView.swift */,
				A20000000000000000000017 /* MeView.swift */,
				A20000000000000000000019 /* SearchView.swift */,
				A20000000000000000000020 /* JokeDetailSheet.swift */,
				A20000000000000000000021 /* JokeOfTheDayView.swift */,
				A20000000000000000000022 /* YouTubePromoCardView.swift */,
			);
			path = Views;
			sourceTree = "<group>";
		};
		A50000000000000000000007 /* ViewModels */ = {
			isa = PBXGroup;
			children = (
				C333E6422EE10888007377F4 /* CharacterDetailViewModel.swift */,
				A20000000000000000000010 /* JokeViewModel.swift */,
			);
			path = ViewModels;
			sourceTree = "<group>";
		};
		A50000000000000000000008 /* Services */ = {
			isa = PBXGroup;
			children = (
				A20000000000000000000012 /* LocalStorageService.swift */,
				A20000000000000000000028 /* FirestoreService.swift */,
			);
			path = Services;
			sourceTree = "<group>";
		};
		A50000000000000000000009 /* Utilities */ = {
			isa = PBXGroup;
			children = (
				A20000000000000000000013 /* Color+Extensions.swift */,
				A20000000000000000000014 /* HapticManager.swift */,
			);
			path = Utilities;
			sourceTree = "<group>";
		};
		A50000000000000000000010 /* Resources */ = {
			isa = PBXGroup;
			children = (
			);
			path = Resources;
			sourceTree = "<group>";
		};
		A50000000000000000000011 /* Preview Content */ = {
			isa = PBXGroup;
			children = (
				A20000000000000000000004 /* Preview Assets.xcassets */,
			);
			path = "Preview Content";
			sourceTree = "<group>";
		};
		A50000000000000000000012 /* Skeleton */ = {
			isa = PBXGroup;
			children = (
				A20000000000000000000023 /* ShimmerModifier.swift */,
				A20000000000000000000024 /* SkeletonCardView.swift */,
				A20000000000000000000025 /* SkeletonFeedView.swift */,
				A20000000000000000000026 /* SkeletonJokeOfTheDayView.swift */,
			);
			path = Skeleton;
			sourceTree = "<group>";
		};
		B50000000000000000000002 /* Shared */ = {
			isa = PBXGroup;
			children = (
				B20000000000000000000001 /* SharedJokeOfTheDay.swift */,
				B20000000000000000000002 /* SharedStorageService.swift */,
			);
			path = Shared;
			sourceTree = "<group>";
		};
		B50000000000000000000003 /* JokeOfTheDayWidget */ = {
			isa = PBXGroup;
			children = (
				B20000000000000000000003 /* JokeOfTheDayWidget.swift */,
				B20000000000000000000004 /* JokeOfTheDayProvider.swift */,
				B20000000000000000000005 /* JokeOfTheDayWidgetViews.swift */,
				B20000000000000000000006 /* Assets.xcassets */,
			);
			path = JokeOfTheDayWidget;
			sourceTree = "<group>";
		};
		B50000000000000000000004 /* Frameworks */ = {
			isa = PBXGroup;
			children = (
				B20000000000000000000007 /* WidgetKit.framework */,
				B20000000000000000000008 /* SwiftUI.framework */,
			);
			name = Frameworks;
			sourceTree = "<group>";
		};
/* End PBXGroup section */

/* Begin PBXNativeTarget section */
		A60000000000000000000001 /* MrFunnyJokes */ = {
			isa = PBXNativeTarget;
			buildConfigurationList = A70000000000000000000001 /* Build configuration list for PBXNativeTarget "MrFunnyJokes" */;
			buildPhases = (
				A80000000000000000000001 /* Sources */,
				A40000000000000000000001 /* Frameworks */,
				A90000000000000000000001 /* Resources */,
				B50000000000000000000001 /* Embed Foundation Extensions */,
			);
			buildRules = (
			);
			dependencies = (
				B40000000000000000000002 /* PBXTargetDependency */,
			);
			name = MrFunnyJokes;
			productName = MrFunnyJokes;
			productReference = A30000000000000000000001 /* MrFunnyJokes.app */;
			productType = "com.apple.product-type.application";
		};
		B60000000000000000000001 /* JokeOfTheDayWidgetExtension */ = {
			isa = PBXNativeTarget;
			buildConfigurationList = B80000000000000000000001 /* Build configuration list for PBXNativeTarget "JokeOfTheDayWidgetExtension" */;
			buildPhases = (
				B80000000000000000000002 /* Sources */,
				B70000000000000000000001 /* Frameworks */,
				B90000000000000000000001 /* Resources */,
			);
			buildRules = (
			);
			dependencies = (
			);
			name = JokeOfTheDayWidgetExtension;
			productName = JokeOfTheDayWidgetExtension;
			productReference = B30000000000000000000001 /* JokeOfTheDayWidgetExtension.appex */;
			productType = "com.apple.product-type.app-extension";
		};
/* End PBXNativeTarget section */

/* Begin PBXProject section */
		AA0000000000000000000001 /* Project object */ = {
			isa = PBXProject;
			attributes = {
				BuildIndependentTargetsInParallel = 1;
				LastSwiftUpdateCheck = 1500;
				LastUpgradeCheck = 2610;
				TargetAttributes = {
					A60000000000000000000001 = {
						CreatedOnToolsVersion = 15.0;
					};
					B60000000000000000000001 = {
						CreatedOnToolsVersion = 15.0;
					};
				};
			};
			buildConfigurationList = AB0000000000000000000001 /* Build configuration list for PBXProject "MrFunnyJokes" */;
			compatibilityVersion = "Xcode 14.0";
			developmentRegion = en;
			hasScannedForEncodings = 0;
			knownRegions = (
				en,
				Base,
			);
			mainGroup = A50000000000000000000001;
			packageReferences = (
				C340D9612EE0A55A007A6AFF /* XCRemoteSwiftPackageReference "firebase-ios-sdk" */,
			);
			productRefGroup = A50000000000000000000003 /* Products */;
			projectDirPath = "";
			projectRoot = "";
			targets = (
				A60000000000000000000001 /* MrFunnyJokes */,
				B60000000000000000000001 /* JokeOfTheDayWidgetExtension */,
			);
		};
/* End PBXProject section */

/* Begin PBXResourcesBuildPhase section */
		A90000000000000000000001 /* Resources */ = {
			isa = PBXResourcesBuildPhase;
			buildActionMask = 2147483647;
			files = (
				A10000000000000000000004 /* Preview Assets.xcassets in Resources */,
				A10000000000000000000003 /* Assets.xcassets in Resources */,
				C340D9672EE0A848007A6AFF /* GoogleService-Info.plist in Resources */,
			);
			runOnlyForDeploymentPostprocessing = 0;
		};
		B90000000000000000000001 /* Resources */ = {
			isa = PBXResourcesBuildPhase;
			buildActionMask = 2147483647;
			files = (
				B10000000000000000000008 /* Assets.xcassets in Resources */,
			);
			runOnlyForDeploymentPostprocessing = 0;
		};
/* End PBXResourcesBuildPhase section */

/* Begin PBXSourcesBuildPhase section */
		A80000000000000000000001 /* Sources */ = {
			isa = PBXSourcesBuildPhase;
			buildActionMask = 2147483647;
			files = (
				A10000000000000000000002 /* ContentView.swift in Sources */,
				A10000000000000000000001 /* MrFunnyJokesApp.swift in Sources */,
				A10000000000000000000005 /* Joke.swift in Sources */,
				A10000000000000000000006 /* JokeCategory.swift in Sources */,
				A10000000000000000000007 /* JokeCardView.swift in Sources */,
				A10000000000000000000008 /* JokeFeedView.swift in Sources */,
				A10000000000000000000010 /* JokeViewModel.swift in Sources */,
				C333E63D2EE10888007377F4 /* CharacterCarouselView.swift in Sources */,
				C333E63E2EE10888007377F4 /* CharacterDetailView.swift in Sources */,
				C333E63F2EE10888007377F4 /* Character.swift in Sources */,
				C333E6412EE10888007377F4 /* CharacterDetailViewModel.swift in Sources */,
				A10000000000000000000012 /* LocalStorageService.swift in Sources */,
				A10000000000000000000028 /* FirestoreService.swift in Sources */,
				A10000000000000000000029 /* FirestoreModels.swift in Sources */,
				A10000000000000000000013 /* Color+Extensions.swift in Sources */,
				A10000000000000000000014 /* HapticManager.swift in Sources */,
				A10000000000000000000016 /* GrainOMeterView.swift in Sources */,
				A10000000000000000000017 /* MeView.swift in Sources */,
				A10000000000000000000019 /* SearchView.swift in Sources */,
				A10000000000000000000020 /* JokeDetailSheet.swift in Sources */,
				A10000000000000000000021 /* JokeOfTheDayView.swift in Sources */,
				A10000000000000000000022 /* YouTubePromoCardView.swift in Sources */,
				A10000000000000000000023 /* ShimmerModifier.swift in Sources */,
				A10000000000000000000024 /* SkeletonCardView.swift in Sources */,
				A10000000000000000000025 /* SkeletonFeedView.swift in Sources */,
				A10000000000000000000026 /* SkeletonJokeOfTheDayView.swift in Sources */,
				B10000000000000000000001 /* SharedJokeOfTheDay.swift in Sources */,
				B10000000000000000000002 /* SharedStorageService.swift in Sources */,
			);
			runOnlyForDeploymentPostprocessing = 0;
		};
		B80000000000000000000002 /* Sources */ = {
			isa = PBXSourcesBuildPhase;
			buildActionMask = 2147483647;
			files = (
				B10000000000000000000003 /* SharedJokeOfTheDay.swift in Sources */,
				B10000000000000000000004 /* SharedStorageService.swift in Sources */,
				B10000000000000000000005 /* JokeOfTheDayWidget.swift in Sources */,
				B10000000000000000000006 /* JokeOfTheDayProvider.swift in Sources */,
				B10000000000000000000007 /* JokeOfTheDayWidgetViews.swift in Sources */,
			);
			runOnlyForDeploymentPostprocessing = 0;
		};
/* End PBXSourcesBuildPhase section */

/* Begin PBXTargetDependency section */
		B40000000000000000000002 /* PBXTargetDependency */ = {
			isa = PBXTargetDependency;
			target = B60000000000000000000001 /* JokeOfTheDayWidgetExtension */;
			targetProxy = B40000000000000000000001 /* PBXContainerItemProxy */;
		};
/* End PBXTargetDependency section */

/* Begin XCBuildConfiguration section */
		AC0000000000000000000001 /* Debug */ = {
			isa = XCBuildConfiguration;
			buildSettings = {
				ALWAYS_SEARCH_USER_PATHS = NO;
				ASSETCATALOG_COMPILER_GENERATE_SWIFT_ASSET_SYMBOL_EXTENSIONS = YES;
				CLANG_ANALYZER_NONNULL = YES;
				CLANG_ANALYZER_NUMBER_OBJECT_CONVERSION = YES_AGGRESSIVE;
				CLANG_CXX_LANGUAGE_STANDARD = "gnu++20";
				CLANG_ENABLE_MODULES = YES;
				CLANG_ENABLE_OBJC_ARC = YES;
				CLANG_ENABLE_OBJC_WEAK = YES;
				CLANG_WARN_BLOCK_CAPTURE_AUTORELEASING = YES;
				CLANG_WARN_BOOL_CONVERSION = YES;
				CLANG_WARN_COMMA = YES;
				CLANG_WARN_CONSTANT_CONVERSION = YES;
				CLANG_WARN_DEPRECATED_OBJC_IMPLEMENTATIONS = YES;
				CLANG_WARN_DIRECT_OBJC_ISA_USAGE = YES_ERROR;
				CLANG_WARN_DOCUMENTATION_COMMENTS = YES;
				CLANG_WARN_EMPTY_BODY = YES;
				CLANG_WARN_ENUM_CONVERSION = YES;
				CLANG_WARN_INFINITE_RECURSION = YES;
				CLANG_WARN_INT_CONVERSION = YES;
				CLANG_WARN_NON_LITERAL_NULL_CONVERSION = YES;
				CLANG_WARN_OBJC_IMPLICIT_RETAIN_SELF = YES;
				CLANG_WARN_OBJC_LITERAL_CONVERSION = YES;
				CLANG_WARN_OBJC_ROOT_CLASS = YES_ERROR;
				CLANG_WARN_QUOTED_INCLUDE_IN_FRAMEWORK_HEADER = YES;
				CLANG_WARN_RANGE_LOOP_ANALYSIS = YES;
				CLANG_WARN_STRICT_PROTOTYPES = YES;
				CLANG_WARN_SUSPICIOUS_MOVE = YES;
				CLANG_WARN_UNGUARDED_AVAILABILITY = YES_AGGRESSIVE;
				CLANG_WARN_UNREACHABLE_CODE = YES;
				CLANG_WARN__DUPLICATE_METHOD_MATCH = YES;
				COPY_PHASE_STRIP = NO;
				DEBUG_INFORMATION_FORMAT = dwarf;
				DEVELOPMENT_TEAM = 4SDGX26HQP;
				ENABLE_STRICT_OBJC_MSGSEND = YES;
				ENABLE_TESTABILITY = YES;
				ENABLE_USER_SCRIPT_SANDBOXING = YES;
				GCC_C_LANGUAGE_STANDARD = gnu17;
				GCC_DYNAMIC_NO_PIC = NO;
				GCC_NO_COMMON_BLOCKS = YES;
				GCC_OPTIMIZATION_LEVEL = 0;
				GCC_PREPROCESSOR_DEFINITIONS = (
					"DEBUG=1",
					"$(inherited)",
				);
				GCC_WARN_64_TO_32_BIT_CONVERSION = YES;
				GCC_WARN_ABOUT_RETURN_TYPE = YES_ERROR;
				GCC_WARN_UNDECLARED_SELECTOR = YES;
				GCC_WARN_UNINITIALIZED_AUTOS = YES_AGGRESSIVE;
				GCC_WARN_UNUSED_FUNCTION = YES;
				GCC_WARN_UNUSED_VARIABLE = YES;
				IPHONEOS_DEPLOYMENT_TARGET = 18.0;
				LOCALIZATION_PREFERS_STRING_CATALOGS = YES;
				MTL_ENABLE_DEBUG_INFO = INCLUDE_SOURCE;
				MTL_FAST_MATH = YES;
				ONLY_ACTIVE_ARCH = YES;
				SDKROOT = iphoneos;
				STRING_CATALOG_GENERATE_SYMBOLS = YES;
				SWIFT_ACTIVE_COMPILATION_CONDITIONS = "DEBUG $(inherited)";
				SWIFT_OPTIMIZATION_LEVEL = "-Onone";
			};
			name = Debug;
		};
		AC0000000000000000000002 /* Release */ = {
			isa = XCBuildConfiguration;
			buildSettings = {
				ALWAYS_SEARCH_USER_PATHS = NO;
				ASSETCATALOG_COMPILER_GENERATE_SWIFT_ASSET_SYMBOL_EXTENSIONS = YES;
				CLANG_ANALYZER_NONNULL = YES;
				CLANG_ANALYZER_NUMBER_OBJECT_CONVERSION = YES_AGGRESSIVE;
				CLANG_CXX_LANGUAGE_STANDARD = "gnu++20";
				CLANG_ENABLE_MODULES = YES;
				CLANG_ENABLE_OBJC_ARC = YES;
				CLANG_ENABLE_OBJC_WEAK = YES;
				CLANG_WARN_BLOCK_CAPTURE_AUTORELEASING = YES;
				CLANG_WARN_BOOL_CONVERSION = YES;
				CLANG_WARN_COMMA = YES;
				CLANG_WARN_CONSTANT_CONVERSION = YES;
				CLANG_WARN_DEPRECATED_OBJC_IMPLEMENTATIONS = YES;
				CLANG_WARN_DIRECT_OBJC_ISA_USAGE = YES_ERROR;
				CLANG_WARN_DOCUMENTATION_COMMENTS = YES;
				CLANG_WARN_EMPTY_BODY = YES;
				CLANG_WARN_ENUM_CONVERSION = YES;
				CLANG_WARN_INFINITE_RECURSION = YES;
				CLANG_WARN_INT_CONVERSION = YES;
				CLANG_WARN_NON_LITERAL_NULL_CONVERSION = YES;
				CLANG_WARN_OBJC_IMPLICIT_RETAIN_SELF = YES;
				CLANG_WARN_OBJC_LITERAL_CONVERSION = YES;
				CLANG_WARN_OBJC_ROOT_CLASS = YES_ERROR;
				CLANG_WARN_QUOTED_INCLUDE_IN_FRAMEWORK_HEADER = YES;
				CLANG_WARN_RANGE_LOOP_ANALYSIS = YES;
				CLANG_WARN_STRICT_PROTOTYPES = YES;
				CLANG_WARN_SUSPICIOUS_MOVE = YES;
				CLANG_WARN_UNGUARDED_AVAILABILITY = YES_AGGRESSIVE;
				CLANG_WARN_UNREACHABLE_CODE = YES;
				CLANG_WARN__DUPLICATE_METHOD_MATCH = YES;
				COPY_PHASE_STRIP = NO;
				DEBUG_INFORMATION_FORMAT = "dwarf-with-dsym";
				DEVELOPMENT_TEAM = 4SDGX26HQP;
				ENABLE_NS_ASSERTIONS = NO;
				ENABLE_STRICT_OBJC_MSGSEND = YES;
				ENABLE_USER_SCRIPT_SANDBOXING = YES;
				GCC_C_LANGUAGE_STANDARD = gnu17;
				GCC_NO_COMMON_BLOCKS = YES;
				GCC_WARN_64_TO_32_BIT_CONVERSION = YES;
				GCC_WARN_ABOUT_RETURN_TYPE = YES_ERROR;
				GCC_WARN_UNDECLARED_SELECTOR = YES;
				GCC_WARN_UNINITIALIZED_AUTOS = YES_AGGRESSIVE;
				GCC_WARN_UNUSED_FUNCTION = YES;
				GCC_WARN_UNUSED_VARIABLE = YES;
				IPHONEOS_DEPLOYMENT_TARGET = 18.0;
				LOCALIZATION_PREFERS_STRING_CATALOGS = YES;
				MTL_ENABLE_DEBUG_INFO = NO;
				MTL_FAST_MATH = YES;
				SDKROOT = iphoneos;
				STRING_CATALOG_GENERATE_SYMBOLS = YES;
				SWIFT_COMPILATION_MODE = wholemodule;
				VALIDATE_PRODUCT = YES;
			};
			name = Release;
		};
		AD0000000000000000000001 /* Debug */ = {
			isa = XCBuildConfiguration;
			buildSettings = {
				ALWAYS_EMBED_SWIFT_STANDARD_LIBRARIES = YES;
				ASSETCATALOG_COMPILER_APPICON_NAME = AppIcon;
				ASSETCATALOG_COMPILER_GLOBAL_ACCENT_COLOR_NAME = AccentColor;
				CODE_SIGN_ENTITLEMENTS = MrFunnyJokes/MrFunnyJokes.entitlements;
				CODE_SIGN_STYLE = Automatic;
				CURRENT_PROJECT_VERSION = 1;
				DEVELOPMENT_ASSET_PATHS = "\"MrFunnyJokes/Preview Content\"";
				ENABLE_PREVIEWS = YES;
				GENERATE_INFOPLIST_FILE = YES;
				INFOPLIST_FILE = MrFunnyJokes/Info.plist;
				INFOPLIST_KEY_CFBundleDisplayName = "Mr. Funny Jokes";
				INFOPLIST_KEY_UIApplicationSceneManifest_Generation = YES;
				INFOPLIST_KEY_UIApplicationSupportsIndirectInputEvents = YES;
				INFOPLIST_KEY_UILaunchScreen_Generation = YES;
				INFOPLIST_KEY_UISupportedInterfaceOrientations_iPad = "UIInterfaceOrientationPortrait UIInterfaceOrientationPortraitUpsideDown UIInterfaceOrientationLandscapeLeft UIInterfaceOrientationLandscapeRight";
				INFOPLIST_KEY_UISupportedInterfaceOrientations_iPhone = "UIInterfaceOrientationPortrait UIInterfaceOrientationLandscapeLeft UIInterfaceOrientationLandscapeRight";
				LD_RUNPATH_SEARCH_PATHS = (
					"$(inherited)",
					"@executable_path/Frameworks",
				);
				MARKETING_VERSION = 1.0;
				PRODUCT_BUNDLE_IDENTIFIER = com.bvanaski.mrfunnyjokes;
				PRODUCT_NAME = "$(TARGET_NAME)";
				SWIFT_EMIT_LOC_STRINGS = YES;
				SWIFT_VERSION = 5.0;
				TARGETED_DEVICE_FAMILY = "1,2";
			};
			name = Debug;
		};
		AD0000000000000000000002 /* Release */ = {
			isa = XCBuildConfiguration;
			buildSettings = {
				ALWAYS_EMBED_SWIFT_STANDARD_LIBRARIES = YES;
				ASSETCATALOG_COMPILER_APPICON_NAME = AppIcon;
				ASSETCATALOG_COMPILER_GLOBAL_ACCENT_COLOR_NAME = AccentColor;
				CODE_SIGN_ENTITLEMENTS = MrFunnyJokes/MrFunnyJokes.entitlements;
				CODE_SIGN_STYLE = Automatic;
				CURRENT_PROJECT_VERSION = 1;
				DEVELOPMENT_ASSET_PATHS = "\"MrFunnyJokes/Preview Content\"";
				ENABLE_PREVIEWS = YES;
				GENERATE_INFOPLIST_FILE = YES;
				INFOPLIST_FILE = MrFunnyJokes/Info.plist;
				INFOPLIST_KEY_CFBundleDisplayName = "Mr. Funny Jokes";
				INFOPLIST_KEY_UIApplicationSceneManifest_Generation = YES;
				INFOPLIST_KEY_UIApplicationSupportsIndirectInputEvents = YES;
				INFOPLIST_KEY_UILaunchScreen_Generation = YES;
				INFOPLIST_KEY_UISupportedInterfaceOrientations_iPad = "UIInterfaceOrientationPortrait UIInterfaceOrientationPortraitUpsideDown UIInterfaceOrientationLandscapeLeft UIInterfaceOrientationLandscapeRight";
				INFOPLIST_KEY_UISupportedInterfaceOrientations_iPhone = "UIInterfaceOrientationPortrait UIInterfaceOrientationLandscapeLeft UIInterfaceOrientationLandscapeRight";
				LD_RUNPATH_SEARCH_PATHS = (
					"$(inherited)",
					"@executable_path/Frameworks",
				);
				MARKETING_VERSION = 1.0;
				PRODUCT_BUNDLE_IDENTIFIER = com.bvanaski.mrfunnyjokes;
				PRODUCT_NAME = "$(TARGET_NAME)";
				SWIFT_EMIT_LOC_STRINGS = YES;
				SWIFT_VERSION = 5.0;
				TARGETED_DEVICE_FAMILY = "1,2";
			};
			name = Release;
		};
		AE0000000000000000000001 /* Debug */ = {
			isa = XCBuildConfiguration;
			buildSettings = {
				ASSETCATALOG_COMPILER_GLOBAL_ACCENT_COLOR_NAME = AccentColor;
				ASSETCATALOG_COMPILER_WIDGET_BACKGROUND_COLOR_NAME = WidgetBackground;
				CODE_SIGN_ENTITLEMENTS = JokeOfTheDayWidget/JokeOfTheDayWidgetExtension.entitlements;
				CODE_SIGN_STYLE = Automatic;
				CURRENT_PROJECT_VERSION = 1;
				GENERATE_INFOPLIST_FILE = YES;
				INFOPLIST_FILE = JokeOfTheDayWidget/Info.plist;
				INFOPLIST_KEY_CFBundleDisplayName = "Joke of the Day";
				INFOPLIST_KEY_NSHumanReadableCopyright = "";
				LD_RUNPATH_SEARCH_PATHS = (
					"$(inherited)",
					"@executable_path/Frameworks",
					"@executable_path/../../Frameworks",
				);
				MARKETING_VERSION = 1.0;
				PRODUCT_BUNDLE_IDENTIFIER = com.bvanaski.mrfunnyjokes.JokeOfTheDayWidget;
				PRODUCT_NAME = "$(TARGET_NAME)";
				SKIP_INSTALL = YES;
				SWIFT_EMIT_LOC_STRINGS = YES;
				SWIFT_VERSION = 5.0;
				TARGETED_DEVICE_FAMILY = "1,2";
			};
			name = Debug;
		};
		AE0000000000000000000002 /* Release */ = {
			isa = XCBuildConfiguration;
			buildSettings = {
				ASSETCATALOG_COMPILER_GLOBAL_ACCENT_COLOR_NAME = AccentColor;
				ASSETCATALOG_COMPILER_WIDGET_BACKGROUND_COLOR_NAME = WidgetBackground;
				CODE_SIGN_ENTITLEMENTS = JokeOfTheDayWidget/JokeOfTheDayWidgetExtension.entitlements;
				CODE_SIGN_STYLE = Automatic;
				CURRENT_PROJECT_VERSION = 1;
				GENERATE_INFOPLIST_FILE = YES;
				INFOPLIST_FILE = JokeOfTheDayWidget/Info.plist;
				INFOPLIST_KEY_CFBundleDisplayName = "Joke of the Day";
				INFOPLIST_KEY_NSHumanReadableCopyright = "";
				LD_RUNPATH_SEARCH_PATHS = (
					"$(inherited)",
					"@executable_path/Frameworks",
					"@executable_path/../../Frameworks",
				);
				MARKETING_VERSION = 1.0;
				PRODUCT_BUNDLE_IDENTIFIER = com.bvanaski.mrfunnyjokes.JokeOfTheDayWidget;
				PRODUCT_NAME = "$(TARGET_NAME)";
				SKIP_INSTALL = YES;
				SWIFT_EMIT_LOC_STRINGS = YES;
				SWIFT_VERSION = 5.0;
				TARGETED_DEVICE_FAMILY = "1,2";
			};
			name = Release;
		};
/* End XCBuildConfiguration section */

/* Begin XCConfigurationList section */
		A70000000000000000000001 /* Build configuration list for PBXNativeTarget "MrFunnyJokes" */ = {
			isa = XCConfigurationList;
			buildConfigurations = (
				AD0000000000000000000001 /* Debug */,
				AD0000000000000000000002 /* Release */,
			);
			defaultConfigurationIsVisible = 0;
			defaultConfigurationName = Release;
		};
		AB0000000000000000000001 /* Build configuration list for PBXProject "MrFunnyJokes" */ = {
			isa = XCConfigurationList;
			buildConfigurations = (
				AC0000000000000000000001 /* Debug */,
				AC0000000000000000000002 /* Release */,
			);
			defaultConfigurationIsVisible = 0;
			defaultConfigurationName = Release;
		};
		B80000000000000000000001 /* Build configuration list for PBXNativeTarget "JokeOfTheDayWidgetExtension" */ = {
			isa = XCConfigurationList;
			buildConfigurations = (
				AE0000000000000000000001 /* Debug */,
				AE0000000000000000000002 /* Release */,
			);
			defaultConfigurationIsVisible = 0;
			defaultConfigurationName = Release;
		};
/* End XCConfigurationList section */

/* Begin XCRemoteSwiftPackageReference section */
		C340D9612EE0A55A007A6AFF /* XCRemoteSwiftPackageReference "firebase-ios-sdk" */ = {
			isa = XCRemoteSwiftPackageReference;
			repositoryURL = "https://github.com/firebase/firebase-ios-sdk";
			requirement = {
				kind = upToNextMajorVersion;
				minimumVersion = 12.6.0;
			};
		};
/* End XCRemoteSwiftPackageReference section */

/* Begin XCSwiftPackageProductDependency section */
		C340D9622EE0A55A007A6AFF /* FirebaseCore */ = {
			isa = XCSwiftPackageProductDependency;
			package = C340D9612EE0A55A007A6AFF /* XCRemoteSwiftPackageReference "firebase-ios-sdk" */;
			productName = FirebaseCore;
		};
		C340D9642EE0A55A007A6AFF /* FirebaseFirestore */ = {
			isa = XCSwiftPackageProductDependency;
			package = C340D9612EE0A55A007A6AFF /* XCRemoteSwiftPackageReference "firebase-ios-sdk" */;
			productName = FirebaseFirestore;
		};
/* End XCSwiftPackageProductDependency section */
	};
	rootObject = AA0000000000000000000001 /* Project object */;
}
